// !$*UTF8*$!
{
	archiveVersion = 1;
	classes = {
	};
	objectVersion = 56;
	objects = {

/* Begin PBXBuildFile section */
		98228FF52A0470D70026BECD /* NiceBiometricsDemoApp.swift in Sources */ = {isa = PBXBuildFile; fileRef = 98228FF42A0470D70026BECD /* NiceBiometricsDemoApp.swift */; };
		98228FF72A0470D70026BECD /* ContentView.swift in Sources */ = {isa = PBXBuildFile; fileRef = 98228FF62A0470D70026BECD /* ContentView.swift */; };
		98228FF92A0470D80026BECD /* Assets.xcassets in Resources */ = {isa = PBXBuildFile; fileRef = 98228FF82A0470D80026BECD /* Assets.xcassets */; };
		98228FFC2A0470D80026BECD /* Preview Assets.xcassets in Resources */ = {isa = PBXBuildFile; fileRef = 98228FFB2A0470D80026BECD /* Preview Assets.xcassets */; };
		982290052A0471830026BECD /* NiceBiometrics in Frameworks */ = {isa = PBXBuildFile; productRef = 982290042A0471830026BECD /* NiceBiometrics */; };
		982290072A04A5F00026BECD /* SettingsView.swift in Sources */ = {isa = PBXBuildFile; fileRef = 982290062A04A5F00026BECD /* SettingsView.swift */; };
		982290092A04A5FA0026BECD /* LoginView.swift in Sources */ = {isa = PBXBuildFile; fileRef = 982290082A04A5FA0026BECD /* LoginView.swift */; };
		9855BAD02A539E7F00C06547 /* NavigationManager.swift in Sources */ = {isa = PBXBuildFile; fileRef = 9855BACF2A539E7F00C06547 /* NavigationManager.swift */; };
/* End PBXBuildFile section */

/* Begin PBXFileReference section */
		98228FF12A0470D70026BECD /* Demo.app */ = {isa = PBXFileReference; explicitFileType = wrapper.application; includeInIndex = 0; path = Demo.app; sourceTree = BUILT_PRODUCTS_DIR; };
		98228FF42A0470D70026BECD /* NiceBiometricsDemoApp.swift */ = {isa = PBXFileReference; lastKnownFileType = sourcecode.swift; path = NiceBiometricsDemoApp.swift; sourceTree = "<group>"; };
		98228FF62A0470D70026BECD /* ContentView.swift */ = {isa = PBXFileReference; lastKnownFileType = sourcecode.swift; path = ContentView.swift; sourceTree = "<group>"; };
		98228FF82A0470D80026BECD /* Assets.xcassets */ = {isa = PBXFileReference; lastKnownFileType = folder.assetcatalog; path = Assets.xcassets; sourceTree = "<group>"; };
		98228FFB2A0470D80026BECD /* Preview Assets.xcassets */ = {isa = PBXFileReference; lastKnownFileType = folder.assetcatalog; path = "Preview Assets.xcassets"; sourceTree = "<group>"; };
		982290022A0471060026BECD /* NiceBiometrics */ = {isa = PBXFileReference; lastKnownFileType = wrapper; name = NiceBiometrics; path = ..; sourceTree = "<group>"; };
		982290062A04A5F00026BECD /* SettingsView.swift */ = {isa = PBXFileReference; lastKnownFileType = sourcecode.swift; path = SettingsView.swift; sourceTree = "<group>"; };
		982290082A04A5FA0026BECD /* LoginView.swift */ = {isa = PBXFileReference; lastKnownFileType = sourcecode.swift; path = LoginView.swift; sourceTree = "<group>"; };
		9855BACF2A539E7F00C06547 /* NavigationManager.swift */ = {isa = PBXFileReference; lastKnownFileType = sourcecode.swift; path = NavigationManager.swift; sourceTree = "<group>"; };
/* End PBXFileReference section */

/* Begin PBXFrameworksBuildPhase section */
		98228FEE2A0470D70026BECD /* Frameworks */ = {
			isa = PBXFrameworksBuildPhase;
			buildActionMask = 2147483647;
			files = (
				982290052A0471830026BECD /* NiceBiometrics in Frameworks */,
			);
			runOnlyForDeploymentPostprocessing = 0;
		};
/* End PBXFrameworksBuildPhase section */

/* Begin PBXGroup section */
		98228FE82A0470D70026BECD = {
			isa = PBXGroup;
			children = (
				982290022A0471060026BECD /* NiceBiometrics */,
				98228FF32A0470D70026BECD /* NiceBiometricsDemo */,
				98228FF22A0470D70026BECD /* Products */,
				982290032A0471830026BECD /* Frameworks */,
			);
			sourceTree = "<group>";
		};
		98228FF22A0470D70026BECD /* Products */ = {
			isa = PBXGroup;
			children = (
				98228FF12A0470D70026BECD /* Demo.app */,
			);
			name = Products;
			sourceTree = "<group>";
		};
		98228FF32A0470D70026BECD /* NiceBiometricsDemo */ = {
			isa = PBXGroup;
			children = (
				98228FF42A0470D70026BECD /* NiceBiometricsDemoApp.swift */,
				9855BACF2A539E7F00C06547 /* NavigationManager.swift */,
				98228FF62A0470D70026BECD /* ContentView.swift */,
				982290062A04A5F00026BECD /* SettingsView.swift */,
				982290082A04A5FA0026BECD /* LoginView.swift */,
				98228FF82A0470D80026BECD /* Assets.xcassets */,
				98228FFA2A0470D80026BECD /* Preview Content */,
			);
			path = NiceBiometricsDemo;
			sourceTree = "<group>";
		};
		98228FFA2A0470D80026BECD /* Preview Content */ = {
			isa = PBXGroup;
			children = (
				98228FFB2A0470D80026BECD /* Preview Assets.xcassets */,
			);
			path = "Preview Content";
			sourceTree = "<group>";
		};
		982290032A0471830026BECD /* Frameworks */ = {
			isa = PBXGroup;
			children = (
			);
			name = Frameworks;
			sourceTree = "<group>";
		};
/* End PBXGroup section */

/* Begin PBXNativeTarget section */
		98228FF02A0470D70026BECD /* NiceBiometricsDemo */ = {
			isa = PBXNativeTarget;
			buildConfigurationList = 98228FFF2A0470D80026BECD /* Build configuration list for PBXNativeTarget "NiceBiometricsDemo" */;
			buildPhases = (
				98228FED2A0470D70026BECD /* Sources */,
				98228FEE2A0470D70026BECD /* Frameworks */,
				98228FEF2A0470D70026BECD /* Resources */,
			);
			buildRules = (
			);
			dependencies = (
			);
			name = NiceBiometricsDemo;
			packageProductDependencies = (
				982290042A0471830026BECD /* NiceBiometrics */,
			);
			productName = NiceBiometricsDemo;
			productReference = 98228FF12A0470D70026BECD /* Demo.app */;
			productType = "com.apple.product-type.application";
		};
/* End PBXNativeTarget section */

/* Begin PBXProject section */
		98228FE92A0470D70026BECD /* Project object */ = {
			isa = PBXProject;
			attributes = {
				BuildIndependentTargetsInParallel = 1;
				LastSwiftUpdateCheck = 1430;
				LastUpgradeCheck = 1430;
				TargetAttributes = {
					98228FF02A0470D70026BECD = {
						CreatedOnToolsVersion = 14.3;
					};
				};
			};
			buildConfigurationList = 98228FEC2A0470D70026BECD /* Build configuration list for PBXProject "NiceBiometricsDemo" */;
			compatibilityVersion = "Xcode 14.0";
			developmentRegion = en;
			hasScannedForEncodings = 0;
			knownRegions = (
				en,
				Base,
			);
			mainGroup = 98228FE82A0470D70026BECD;
			packageReferences = (
			);
			productRefGroup = 98228FF22A0470D70026BECD /* Products */;
			projectDirPath = "";
			projectRoot = "";
			targets = (
				98228FF02A0470D70026BECD /* NiceBiometricsDemo */,
			);
		};
/* End PBXProject section */

/* Begin PBXResourcesBuildPhase section */
		98228FEF2A0470D70026BECD /* Resources */ = {
			isa = PBXResourcesBuildPhase;
			buildActionMask = 2147483647;
			files = (
				98228FFC2A0470D80026BECD /* Preview Assets.xcassets in Resources */,
				98228FF92A0470D80026BECD /* Assets.xcassets in Resources */,
			);
			runOnlyForDeploymentPostprocessing = 0;
		};
/* End PBXResourcesBuildPhase section */

/* Begin PBXSourcesBuildPhase section */
		98228FED2A0470D70026BECD /* Sources */ = {
			isa = PBXSourcesBuildPhase;
			buildActionMask = 2147483647;
			files = (
				982290072A04A5F00026BECD /* SettingsView.swift in Sources */,
				98228FF72A0470D70026BECD /* ContentView.swift in Sources */,
				982290092A04A5FA0026BECD /* LoginView.swift in Sources */,
				98228FF52A0470D70026BECD /* NiceBiometricsDemoApp.swift in Sources */,
				9855BAD02A539E7F00C06547 /* NavigationManager.swift in Sources */,
			);
			runOnlyForDeploymentPostprocessing = 0;
		};
/* End PBXSourcesBuildPhase section */

/* Begin XCBuildConfiguration section */
		98228FFD2A0470D80026BECD /* Debug */ = {
			isa = XCBuildConfiguration;
			buildSettings = {
				ALWAYS_SEARCH_USER_PATHS = NO;
				CLANG_ANALYZER_NONNULL = YES;
				CLANG_ANALYZER_NUMBER_OBJECT_CONVERSION = YES_AGGRESSIVE;
				CLANG_CXX_LANGUAGE_STANDARD = "gnu++20";
				CLANG_ENABLE_MODULES = YES;
				CLANG_ENABLE_OBJC_ARC = YES;
				CLANG_ENABLE_OBJC_WEAK = YES;
				CLANG_WARN_BLOCK_CAPTURE_AUTORELEASING = YES;
				CLANG_WARN_BOOL_CONVERSION = YES;
				CLANG_WARN_COMMA = YES;
				CLANG_WARN_CONSTANT_CONVERSION = YES;
				CLANG_WARN_DEPRECATED_OBJC_IMPLEMENTATIONS = YES;
				CLANG_WARN_DIRECT_OBJC_ISA_USAGE = YES_ERROR;
				CLANG_WARN_DOCUMENTATION_COMMENTS = YES;
				CLANG_WARN_EMPTY_BODY = YES;
				CLANG_WARN_ENUM_CONVERSION = YES;
				CLANG_WARN_INFINITE_RECURSION = YES;
				CLANG_WARN_INT_CONVERSION = YES;
				CLANG_WARN_NON_LITERAL_NULL_CONVERSION = YES;
				CLANG_WARN_OBJC_IMPLICIT_RETAIN_SELF = YES;
				CLANG_WARN_OBJC_LITERAL_CONVERSION = YES;
				CLANG_WARN_OBJC_ROOT_CLASS = YES_ERROR;
				CLANG_WARN_QUOTED_INCLUDE_IN_FRAMEWORK_HEADER = YES;
				CLANG_WARN_RANGE_LOOP_ANALYSIS = YES;
				CLANG_WARN_STRICT_PROTOTYPES = YES;
				CLANG_WARN_SUSPICIOUS_MOVE = YES;
				CLANG_WARN_UNGUARDED_AVAILABILITY = YES_AGGRESSIVE;
				CLANG_WARN_UNREACHABLE_CODE = YES;
				CLANG_WARN__DUPLICATE_METHOD_MATCH = YES;
				COPY_PHASE_STRIP = NO;
				DEBUG_INFORMATION_FORMAT = dwarf;
				ENABLE_STRICT_OBJC_MSGSEND = YES;
				ENABLE_TESTABILITY = YES;
				GCC_C_LANGUAGE_STANDARD = gnu11;
				GCC_DYNAMIC_NO_PIC = NO;
				GCC_NO_COMMON_BLOCKS = YES;
				GCC_OPTIMIZATION_LEVEL = 0;
				GCC_PREPROCESSOR_DEFINITIONS = (
					"DEBUG=1",
					"$(inherited)",
				);
				GCC_WARN_64_TO_32_BIT_CONVERSION = YES;
				GCC_WARN_ABOUT_RETURN_TYPE = YES_ERROR;
				GCC_WARN_UNDECLARED_SELECTOR = YES;
				GCC_WARN_UNINITIALIZED_AUTOS = YES_AGGRESSIVE;
				GCC_WARN_UNUSED_FUNCTION = YES;
				GCC_WARN_UNUSED_VARIABLE = YES;
				IPHONEOS_DEPLOYMENT_TARGET = 16.4;
				MTL_ENABLE_DEBUG_INFO = INCLUDE_SOURCE;
				MTL_FAST_MATH = YES;
				ONLY_ACTIVE_ARCH = YES;
				SDKROOT = iphoneos;
				SWIFT_ACTIVE_COMPILATION_CONDITIONS = DEBUG;
				SWIFT_OPTIMIZATION_LEVEL = "-Onone";
			};
			name = Debug;
		};
		98228FFE2A0470D80026BECD /* Release */ = {
			isa = XCBuildConfiguration;
			buildSettings = {
				ALWAYS_SEARCH_USER_PATHS = NO;
				CLANG_ANALYZER_NONNULL = YES;
				CLANG_ANALYZER_NUMBER_OBJECT_CONVERSION = YES_AGGRESSIVE;
				CLANG_CXX_LANGUAGE_STANDARD = "gnu++20";
				CLANG_ENABLE_MODULES = YES;
				CLANG_ENABLE_OBJC_ARC = YES;
				CLANG_ENABLE_OBJC_WEAK = YES;
				CLANG_WARN_BLOCK_CAPTURE_AUTORELEASING = YES;
				CLANG_WARN_BOOL_CONVERSION = YES;
				CLANG_WARN_COMMA = YES;
				CLANG_WARN_CONSTANT_CONVERSION = YES;
				CLANG_WARN_DEPRECATED_OBJC_IMPLEMENTATIONS = YES;
				CLANG_WARN_DIRECT_OBJC_ISA_USAGE = YES_ERROR;
				CLANG_WARN_DOCUMENTATION_COMMENTS = YES;
				CLANG_WARN_EMPTY_BODY = YES;
				CLANG_WARN_ENUM_CONVERSION = YES;
				CLANG_WARN_INFINITE_RECURSION = YES;
				CLANG_WARN_INT_CONVERSION = YES;
				CLANG_WARN_NON_LITERAL_NULL_CONVERSION = YES;
				CLANG_WARN_OBJC_IMPLICIT_RETAIN_SELF = YES;
				CLANG_WARN_OBJC_LITERAL_CONVERSION = YES;
				CLANG_WARN_OBJC_ROOT_CLASS = YES_ERROR;
				CLANG_WARN_QUOTED_INCLUDE_IN_FRAMEWORK_HEADER = YES;
				CLANG_WARN_RANGE_LOOP_ANALYSIS = YES;
				CLANG_WARN_STRICT_PROTOTYPES = YES;
				CLANG_WARN_SUSPICIOUS_MOVE = YES;
				CLANG_WARN_UNGUARDED_AVAILABILITY = YES_AGGRESSIVE;
				CLANG_WARN_UNREACHABLE_CODE = YES;
				CLANG_WARN__DUPLICATE_METHOD_MATCH = YES;
				COPY_PHASE_STRIP = NO;
				DEBUG_INFORMATION_FORMAT = "dwarf-with-dsym";
				ENABLE_NS_ASSERTIONS = NO;
				ENABLE_STRICT_OBJC_MSGSEND = YES;
				GCC_C_LANGUAGE_STANDARD = gnu11;
				GCC_NO_COMMON_BLOCKS = YES;
				GCC_WARN_64_TO_32_BIT_CONVERSION = YES;
				GCC_WARN_ABOUT_RETURN_TYPE = YES_ERROR;
				GCC_WARN_UNDECLARED_SELECTOR = YES;
				GCC_WARN_UNINITIALIZED_AUTOS = YES_AGGRESSIVE;
				GCC_WARN_UNUSED_FUNCTION = YES;
				GCC_WARN_UNUSED_VARIABLE = YES;
				IPHONEOS_DEPLOYMENT_TARGET = 16.4;
				MTL_ENABLE_DEBUG_INFO = NO;
				MTL_FAST_MATH = YES;
				SDKROOT = iphoneos;
				SWIFT_COMPILATION_MODE = wholemodule;
				SWIFT_OPTIMIZATION_LEVEL = "-O";
				VALIDATE_PRODUCT = YES;
			};
			name = Release;
		};
		982290002A0470D80026BECD /* Debug */ = {
			isa = XCBuildConfiguration;
			buildSettings = {
				ASSETCATALOG_COMPILER_APPICON_NAME = AppIcon;
				ASSETCATALOG_COMPILER_GLOBAL_ACCENT_COLOR_NAME = AccentColor;
				CODE_SIGN_STYLE = Automatic;
				CURRENT_PROJECT_VERSION = 1;
				DEVELOPMENT_ASSET_PATHS = "\"NiceBiometricsDemo/Preview Content\"";
				DEVELOPMENT_TEAM = GH868RP95T;
				ENABLE_PREVIEWS = YES;
				GENERATE_INFOPLIST_FILE = YES;
				INFOPLIST_KEY_NSFaceIDUsageDescription = "Enabling Face ID allows for quick and secure access to your account.";
				INFOPLIST_KEY_UIApplicationSceneManifest_Generation = YES;
				INFOPLIST_KEY_UIApplicationSupportsIndirectInputEvents = YES;
				INFOPLIST_KEY_UILaunchScreen_Generation = YES;
				INFOPLIST_KEY_UISupportedInterfaceOrientations_iPad = "UIInterfaceOrientationPortrait UIInterfaceOrientationPortraitUpsideDown UIInterfaceOrientationLandscapeLeft UIInterfaceOrientationLandscapeRight";
				INFOPLIST_KEY_UISupportedInterfaceOrientations_iPhone = "UIInterfaceOrientationPortrait UIInterfaceOrientationLandscapeLeft UIInterfaceOrientationLandscapeRight";
				IPHONEOS_DEPLOYMENT_TARGET = 16.0;
				LD_RUNPATH_SEARCH_PATHS = (
					"$(inherited)",
					"@executable_path/Frameworks",
				);
				MARKETING_VERSION = 1.0;
				PRODUCT_BUNDLE_IDENTIFIER = com.steamclock.NiceBiometricsDemo;
				PRODUCT_NAME = Demo;
				SWIFT_EMIT_LOC_STRINGS = YES;
				SWIFT_VERSION = 5.0;
				TARGETED_DEVICE_FAMILY = "1,2";
			};
			name = Debug;
		};
		982290012A0470D80026BECD /* Release */ = {
			isa = XCBuildConfiguration;
			buildSettings = {
				ASSETCATALOG_COMPILER_APPICON_NAME = AppIcon;
				ASSETCATALOG_COMPILER_GLOBAL_ACCENT_COLOR_NAME = AccentColor;
				CODE_SIGN_STYLE = Automatic;
				CURRENT_PROJECT_VERSION = 1;
				DEVELOPMENT_ASSET_PATHS = "\"NiceBiometricsDemo/Preview Content\"";
				DEVELOPMENT_TEAM = GH868RP95T;
				ENABLE_PREVIEWS = YES;
				GENERATE_INFOPLIST_FILE = YES;
				INFOPLIST_KEY_NSFaceIDUsageDescription = "Enabling Face ID allows for quick and secure access to your account.";
				INFOPLIST_KEY_UIApplicationSceneManifest_Generation = YES;
				INFOPLIST_KEY_UIApplicationSupportsIndirectInputEvents = YES;
				INFOPLIST_KEY_UILaunchScreen_Generation = YES;
				INFOPLIST_KEY_UISupportedInterfaceOrientations_iPad = "UIInterfaceOrientationPortrait UIInterfaceOrientationPortraitUpsideDown UIInterfaceOrientationLandscapeLeft UIInterfaceOrientationLandscapeRight";
				INFOPLIST_KEY_UISupportedInterfaceOrientations_iPhone = "UIInterfaceOrientationPortrait UIInterfaceOrientationLandscapeLeft UIInterfaceOrientationLandscapeRight";
				IPHONEOS_DEPLOYMENT_TARGET = 16.0;
				LD_RUNPATH_SEARCH_PATHS = (
					"$(inherited)",
					"@executable_path/Frameworks",
				);
				MARKETING_VERSION = 1.0;
				PRODUCT_BUNDLE_IDENTIFIER = com.steamclock.NiceBiometricsDemo;
				PRODUCT_NAME = Demo;
				SWIFT_EMIT_LOC_STRINGS = YES;
				SWIFT_VERSION = 5.0;
				TARGETED_DEVICE_FAMILY = "1,2";
			};
			name = Release;
		};
/* End XCBuildConfiguration section */

/* Begin XCConfigurationList section */
		98228FEC2A0470D70026BECD /* Build configuration list for PBXProject "NiceBiometricsDemo" */ = {
			isa = XCConfigurationList;
			buildConfigurations = (
				98228FFD2A0470D80026BECD /* Debug */,
				98228FFE2A0470D80026BECD /* Release */,
			);
			defaultConfigurationIsVisible = 0;
			defaultConfigurationName = Release;
		};
		98228FFF2A0470D80026BECD /* Build configuration list for PBXNativeTarget "NiceBiometricsDemo" */ = {
			isa = XCConfigurationList;
			buildConfigurations = (
				982290002A0470D80026BECD /* Debug */,
				982290012A0470D80026BECD /* Release */,
			);
			defaultConfigurationIsVisible = 0;
			defaultConfigurationName = Release;
		};
/* End XCConfigurationList section */

/* Begin XCSwiftPackageProductDependency section */
		982290042A0471830026BECD /* NiceBiometrics */ = {
			isa = XCSwiftPackageProductDependency;
			productName = NiceBiometrics;
		};
/* End XCSwiftPackageProductDependency section */
	};
	rootObject = 98228FE92A0470D70026BECD /* Project object */;
}
